
Microsoft Visual Studio Solution File, Format Version 12.00
# Visual Studio Version 17
VisualStudioVersion = 17.2.33214.139
MinimumVisualStudioVersion = 10.0.40219.1
Project("{2150E333-8FDC-42A3-9474-1A3956D46DE8}") = "Services", "Services", "{1EC30BD2-DD27-4449-94FB-F25DEB45A97E}"
EndProject
Project("{2150E333-8FDC-42A3-9474-1A3956D46DE8}") = "Catalog", "Catalog", "{82C56E78-CD97-40E4-B2AF-62EFFE9E1A8F}"
EndProject
Project("{9A19103F-16F7-4668-BE54-9A1E7A4F7556}") = "Catalog.API", "Services\Catalog\Catalog.API\Catalog.API.csproj", "{5D949A3C-ECC6-444B-BC9E-41C3F4AB212F}"
EndProject
Project("{2150E333-8FDC-42A3-9474-1A3956D46DE8}") = "Basket", "Basket", "{F41F4174-1165-4B8F-9FEA-1396C25F25D5}"
EndProject
Project("{9A19103F-16F7-4668-BE54-9A1E7A4F7556}") = "Basket.API", "Services\Basket\Basket.API\Basket.API.csproj", "{C36EC26D-36D4-4EA3-80FF-CE6FBBE2B819}"
EndProject
Project("{2150E333-8FDC-42A3-9474-1A3956D46DE8}") = "Discount", "Discount", "{9E82D1C9-D2E0-41CC-B49A-5FC8192F0B7B}"
EndProject
Project("{9A19103F-16F7-4668-BE54-9A1E7A4F7556}") = "Discount.API", "Services\Discount\Discount.API\Discount.API.csproj", "{7B8BD8B8-1E40-4730-95A7-9D48D47A093B}"
EndProject
Project("{9A19103F-16F7-4668-BE54-9A1E7A4F7556}") = "Discount.Grpc", "Services\Discount\Discount.Grpc\Discount.Grpc.csproj", "{562BB157-4BD5-4E85-8B0A-85DA6D96A1AE}"
EndProject
Project("{2150E333-8FDC-42A3-9474-1A3956D46DE8}") = "Ordering", "Ordering", "{07669E2E-ABDD-40DB-A761-994BB76393D8}"
EndProject
Project("{9A19103F-16F7-4668-BE54-9A1E7A4F7556}") = "Ordering.API", "Services\Ordering\Ordering.API\Ordering.API.csproj", "{96E6E0EF-8014-4F45-A9A3-CF45868F60B5}"
EndProject
Project("{9A19103F-16F7-4668-BE54-9A1E7A4F7556}") = "Ordering.Application", "Services\Ordering\Ordering.Application\Ordering.Application.csproj", "{65EF1A4F-120B-4D8C-88B7-D3E5BE1C32BF}"
EndProject
Project("{9A19103F-16F7-4668-BE54-9A1E7A4F7556}") = "Ordering.Domain", "Services\Ordering\Ordering.Domain\Ordering.Domain.csproj", "{83A0D210-29F5-4405-947F-85307BA0196B}"
EndProject
Project("{9A19103F-16F7-4668-BE54-9A1E7A4F7556}") = "Ordering.Infrastructure", "Services\Ordering\Ordering.Infrastructure\Ordering.Infrastructure.csproj", "{AD859A50-CCAD-4636-B912-1464F492F069}"
EndProject
Project("{2150E333-8FDC-42A3-9474-1A3956D46DE8}") = "BuildingBlocks", "BuildingBlocks", "{D629545A-782D-4973-AD61-E5E40B80FD98}"
EndProject
Project("{9A19103F-16F7-4668-BE54-9A1E7A4F7556}") = "EventBus.Messages", "BuildingBlocks\EventBus.Messages\EventBus.Messages.csproj", "{6E5ADC79-2A74-415D-B2B4-4EDDFEB99DC7}"
EndProject
Project("{2150E333-8FDC-42A3-9474-1A3956D46DE8}") = "ApiGateways", "ApiGateways", "{EE313998-677B-489D-931E-10493FD69463}"
EndProject
Project("{FAE04EC0-301F-11D3-BF4B-00C04F79EFBC}") = "OcelotApiGateway", "ApiGateways\OcelotApiGateway\OcelotApiGateway.csproj", "{3753F9C4-5726-4860-9F67-440388C20C18}"
EndProject
Global
	GlobalSection(SolutionConfigurationPlatforms) = preSolution
		Debug|Any CPU = Debug|Any CPU
		Release|Any CPU = Release|Any CPU
	EndGlobalSection
	GlobalSection(ProjectConfigurationPlatforms) = postSolution
		{5D949A3C-ECC6-444B-BC9E-41C3F4AB212F}.Debug|Any CPU.ActiveCfg = Debug|Any CPU
		{5D949A3C-ECC6-444B-BC9E-41C3F4AB212F}.Debug|Any CPU.Build.0 = Debug|Any CPU
		{5D949A3C-ECC6-444B-BC9E-41C3F4AB212F}.Release|Any CPU.ActiveCfg = Release|Any CPU
		{5D949A3C-ECC6-444B-BC9E-41C3F4AB212F}.Release|Any CPU.Build.0 = Release|Any CPU
		{C36EC26D-36D4-4EA3-80FF-CE6FBBE2B819}.Debug|Any CPU.ActiveCfg = Debug|Any CPU
		{C36EC26D-36D4-4EA3-80FF-CE6FBBE2B819}.Debug|Any CPU.Build.0 = Debug|Any CPU
		{C36EC26D-36D4-4EA3-80FF-CE6FBBE2B819}.Release|Any CPU.ActiveCfg = Release|Any CPU
		{C36EC26D-36D4-4EA3-80FF-CE6FBBE2B819}.Release|Any CPU.Build.0 = Release|Any CPU
		{7B8BD8B8-1E40-4730-95A7-9D48D47A093B}.Debug|Any CPU.ActiveCfg = Debug|Any CPU
		{7B8BD8B8-1E40-4730-95A7-9D48D47A093B}.Debug|Any CPU.Build.0 = Debug|Any CPU
		{7B8BD8B8-1E40-4730-95A7-9D48D47A093B}.Release|Any CPU.ActiveCfg = Release|Any CPU
		{7B8BD8B8-1E40-4730-95A7-9D48D47A093B}.Release|Any CPU.Build.0 = Release|Any CPU
		{562BB157-4BD5-4E85-8B0A-85DA6D96A1AE}.Debug|Any CPU.ActiveCfg = Debug|Any CPU
		{562BB157-4BD5-4E85-8B0A-85DA6D96A1AE}.Debug|Any CPU.Build.0 = Debug|Any CPU
		{562BB157-4BD5-4E85-8B0A-85DA6D96A1AE}.Release|Any CPU.ActiveCfg = Release|Any CPU
		{562BB157-4BD5-4E85-8B0A-85DA6D96A1AE}.Release|Any CPU.Build.0 = Release|Any CPU
		{96E6E0EF-8014-4F45-A9A3-CF45868F60B5}.Debug|Any CPU.ActiveCfg = Debug|Any CPU
		{96E6E0EF-8014-4F45-A9A3-CF45868F60B5}.Debug|Any CPU.Build.0 = Debug|Any CPU
		{96E6E0EF-8014-4F45-A9A3-CF45868F60B5}.Release|Any CPU.ActiveCfg = Release|Any CPU
		{96E6E0EF-8014-4F45-A9A3-CF45868F60B5}.Release|Any CPU.Build.0 = Release|Any CPU
		{65EF1A4F-120B-4D8C-88B7-D3E5BE1C32BF}.Debug|Any CPU.ActiveCfg = Debug|Any CPU
		{65EF1A4F-120B-4D8C-88B7-D3E5BE1C32BF}.Debug|Any CPU.Build.0 = Debug|Any CPU
		{65EF1A4F-120B-4D8C-88B7-D3E5BE1C32BF}.Release|Any CPU.ActiveCfg = Release|Any CPU
		{65EF1A4F-120B-4D8C-88B7-D3E5BE1C32BF}.Release|Any CPU.Build.0 = Release|Any CPU
		{83A0D210-29F5-4405-947F-85307BA0196B}.Debug|Any CPU.ActiveCfg = Debug|Any CPU
		{83A0D210-29F5-4405-947F-85307BA0196B}.Debug|Any CPU.Build.0 = Debug|Any CPU
		{83A0D210-29F5-4405-947F-85307BA0196B}.Release|Any CPU.ActiveCfg = Release|Any CPU
		{83A0D210-29F5-4405-947F-85307BA0196B}.Release|Any CPU.Build.0 = Release|Any CPU
		{AD859A50-CCAD-4636-B912-1464F492F069}.Debug|Any CPU.ActiveCfg = Debug|Any CPU
		{AD859A50-CCAD-4636-B912-1464F492F069}.Debug|Any CPU.Build.0 = Debug|Any CPU
		{AD859A50-CCAD-4636-B912-1464F492F069}.Release|Any CPU.ActiveCfg = Release|Any CPU
		{AD859A50-CCAD-4636-B912-1464F492F069}.Release|Any CPU.Build.0 = Release|Any CPU
		{6E5ADC79-2A74-415D-B2B4-4EDDFEB99DC7}.Debug|Any CPU.ActiveCfg = Debug|Any CPU
		{6E5ADC79-2A74-415D-B2B4-4EDDFEB99DC7}.Debug|Any CPU.Build.0 = Debug|Any CPU
		{6E5ADC79-2A74-415D-B2B4-4EDDFEB99DC7}.Release|Any CPU.ActiveCfg = Release|Any CPU
		{6E5ADC79-2A74-415D-B2B4-4EDDFEB99DC7}.Release|Any CPU.Build.0 = Release|Any CPU
		{3753F9C4-5726-4860-9F67-440388C20C18}.Debug|Any CPU.ActiveCfg = Debug|Any CPU
		{3753F9C4-5726-4860-9F67-440388C20C18}.Debug|Any CPU.Build.0 = Debug|Any CPU
		{3753F9C4-5726-4860-9F67-440388C20C18}.Release|Any CPU.ActiveCfg = Release|Any CPU
		{3753F9C4-5726-4860-9F67-440388C20C18}.Release|Any CPU.Build.0 = Release|Any CPU
	EndGlobalSection
	GlobalSection(SolutionProperties) = preSolution
		HideSolutionNode = FALSE
	EndGlobalSection
	GlobalSection(NestedProjects) = preSolution
		{82C56E78-CD97-40E4-B2AF-62EFFE9E1A8F} = {1EC30BD2-DD27-4449-94FB-F25DEB45A97E}
		{5D949A3C-ECC6-444B-BC9E-41C3F4AB212F} = {82C56E78-CD97-40E4-B2AF-62EFFE9E1A8F}
		{F41F4174-1165-4B8F-9FEA-1396C25F25D5} = {1EC30BD2-DD27-4449-94FB-F25DEB45A97E}
		{C36EC26D-36D4-4EA3-80FF-CE6FBBE2B819} = {F41F4174-1165-4B8F-9FEA-1396C25F25D5}
		{9E82D1C9-D2E0-41CC-B49A-5FC8192F0B7B} = {1EC30BD2-DD27-4449-94FB-F25DEB45A97E}
		{7B8BD8B8-1E40-4730-95A7-9D48D47A093B} = {9E82D1C9-D2E0-41CC-B49A-5FC8192F0B7B}
		{562BB157-4BD5-4E85-8B0A-85DA6D96A1AE} = {9E82D1C9-D2E0-41CC-B49A-5FC8192F0B7B}
		{07669E2E-ABDD-40DB-A761-994BB76393D8} = {1EC30BD2-DD27-4449-94FB-F25DEB45A97E}
		{96E6E0EF-8014-4F45-A9A3-CF45868F60B5} = {07669E2E-ABDD-40DB-A761-994BB76393D8}
		{65EF1A4F-120B-4D8C-88B7-D3E5BE1C32BF} = {07669E2E-ABDD-40DB-A761-994BB76393D8}
		{83A0D210-29F5-4405-947F-85307BA0196B} = {07669E2E-ABDD-40DB-A761-994BB76393D8}
		{AD859A50-CCAD-4636-B912-1464F492F069} = {07669E2E-ABDD-40DB-A761-994BB76393D8}
		{6E5ADC79-2A74-415D-B2B4-4EDDFEB99DC7} = {D629545A-782D-4973-AD61-E5E40B80FD98}
		{3753F9C4-5726-4860-9F67-440388C20C18} = {EE313998-677B-489D-931E-10493FD69463}
	EndGlobalSection
	GlobalSection(ExtensibilityGlobals) = postSolution
		SolutionGuid = {4C7B8898-F00F-4C50-9E2F-E9BEF94453CF}
	EndGlobalSection
EndGlobal
